
Microsoft Visual Studio Solution File, Format Version 12.00
# Visual Studio Version 17
VisualStudioVersion = 17.14.36623.8 d17.14
MinimumVisualStudioVersion = 10.0.40219.1
Project("{FAE04EC0-301F-11D3-BF4B-00C04F79EFBC}") = "WebAppleStore", "WebAppleStore\WebAppleStore.csproj", "{B4BAE195-3440-4724-962B-CEFBEFB7699F}"
EndProject
Global
	GlobalSection(SolutionConfigurationPlatforms) = preSolution
		Debug|Any CPU = Debug|Any CPU
		Release|Any CPU = Release|Any CPU
	EndGlobalSection
	GlobalSection(ProjectConfigurationPlatforms) = postSolution
		{B4BAE195-3440-4724-962B-CEFBEFB7699F}.Debug|Any CPU.ActiveCfg = Debug|Any CPU
		{B4BAE195-3440-4724-962B-CEFBEFB7699F}.Debug|Any CPU.Build.0 = Debug|Any CPU
		{B4BAE195-3440-4724-962B-CEFBEFB7699F}.Release|Any CPU.ActiveCfg = Release|Any CPU
		{B4BAE195-3440-4724-962B-CEFBEFB7699F}.Release|Any CPU.Build.0 = Release|Any CPU
	EndGlobalSection
	GlobalSection(SolutionProperties) = preSolution
		HideSolutionNode = FALSE
	EndGlobalSection
	GlobalSection(ExtensibilityGlobals) = postSolution
		SolutionGuid = {FABF2FB5-D1FE-44DC-BF95-007CC2A2DD09}
	EndGlobalSection
EndGlobal
